// !$*UTF8*$!
{
	archiveVersion = 1;
	classes = {
	};
	objectVersion = 56;
	objects = {

/* Begin PBXBuildFile section */
		40AA0E3FEFF26F0A9AC459F7 /* Pods_DisneyAPI.framework in Frameworks */ = {isa = PBXBuildFile; fileRef = 6AC19250EE166CC9B4AB005E /* Pods_DisneyAPI.framework */; };
		928E413F2C8A1235000F636F /* AppDelegate.swift in Sources */ = {isa = PBXBuildFile; fileRef = 928E413E2C8A1235000F636F /* AppDelegate.swift */; };
		928E41412C8A1235000F636F /* SceneDelegate.swift in Sources */ = {isa = PBXBuildFile; fileRef = 928E41402C8A1235000F636F /* SceneDelegate.swift */; };
		928E41432C8A1235000F636F /* WelcomeViewController.swift in Sources */ = {isa = PBXBuildFile; fileRef = 928E41422C8A1235000F636F /* WelcomeViewController.swift */; };
		928E41482C8A1236000F636F /* Assets.xcassets in Resources */ = {isa = PBXBuildFile; fileRef = 928E41472C8A1236000F636F /* Assets.xcassets */; };
		928E414B2C8A1236000F636F /* Base in Resources */ = {isa = PBXBuildFile; fileRef = 928E414A2C8A1236000F636F /* Base */; };
		928E41562C8A160D000F636F /* Bindable.swift in Sources */ = {isa = PBXBuildFile; fileRef = 928E41552C8A160D000F636F /* Bindable.swift */; };
		928E41592C8A165C000F636F /* WelcomeViewModel.swift in Sources */ = {isa = PBXBuildFile; fileRef = 928E41582C8A165C000F636F /* WelcomeViewModel.swift */; };
		928E415B2C8A1C01000F636F /* Extensions.swift in Sources */ = {isa = PBXBuildFile; fileRef = 928E415A2C8A1C01000F636F /* Extensions.swift */; };
		928E415D2C8A1C8F000F636F /* WelcomeView.swift in Sources */ = {isa = PBXBuildFile; fileRef = 928E415C2C8A1C8F000F636F /* WelcomeView.swift */; };
		928E415F2C8A1FA5000F636F /* FeedViewController.swift in Sources */ = {isa = PBXBuildFile; fileRef = 928E415E2C8A1FA5000F636F /* FeedViewController.swift */; };
		928E41632C8A24CD000F636F /* FeedView.swift in Sources */ = {isa = PBXBuildFile; fileRef = 928E41622C8A24CD000F636F /* FeedView.swift */; };
		928E41652C8A2BB4000F636F /* FeedCell.swift in Sources */ = {isa = PBXBuildFile; fileRef = 928E41642C8A2BB4000F636F /* FeedCell.swift */; };
		928E41682C8A358C000F636F /* Service.swift in Sources */ = {isa = PBXBuildFile; fileRef = 928E41672C8A358C000F636F /* Service.swift */; };
		928E416A2C8A35A5000F636F /* FeedViewModel.swift in Sources */ = {isa = PBXBuildFile; fileRef = 928E41692C8A35A5000F636F /* FeedViewModel.swift */; };
		928E416D2C8A45B6000F636F /* FeedResponse.swift in Sources */ = {isa = PBXBuildFile; fileRef = 928E416C2C8A45B6000F636F /* FeedResponse.swift */; };
		928E416F2C8A462E000F636F /* FeedModel.swift in Sources */ = {isa = PBXBuildFile; fileRef = 928E416E2C8A462E000F636F /* FeedModel.swift */; };
/* End PBXBuildFile section */

/* Begin PBXFileReference section */
		48BD629174D2BC673B20A631 /* Pods-DisneyAPI.debug.xcconfig */ = {isa = PBXFileReference; includeInIndex = 1; lastKnownFileType = text.xcconfig; name = "Pods-DisneyAPI.debug.xcconfig"; path = "Target Support Files/Pods-DisneyAPI/Pods-DisneyAPI.debug.xcconfig"; sourceTree = "<group>"; };
		6AC19250EE166CC9B4AB005E /* Pods_DisneyAPI.framework */ = {isa = PBXFileReference; explicitFileType = wrapper.framework; includeInIndex = 0; path = Pods_DisneyAPI.framework; sourceTree = BUILT_PRODUCTS_DIR; };
		75CDC0E0C03A0F02B8446A90 /* Pods-DisneyAPI.release.xcconfig */ = {isa = PBXFileReference; includeInIndex = 1; lastKnownFileType = text.xcconfig; name = "Pods-DisneyAPI.release.xcconfig"; path = "Target Support Files/Pods-DisneyAPI/Pods-DisneyAPI.release.xcconfig"; sourceTree = "<group>"; };
		928E413B2C8A1235000F636F /* DisneyAPI.app */ = {isa = PBXFileReference; explicitFileType = wrapper.application; includeInIndex = 0; path = DisneyAPI.app; sourceTree = BUILT_PRODUCTS_DIR; };
		928E413E2C8A1235000F636F /* AppDelegate.swift */ = {isa = PBXFileReference; lastKnownFileType = sourcecode.swift; path = AppDelegate.swift; sourceTree = "<group>"; };
		928E41402C8A1235000F636F /* SceneDelegate.swift */ = {isa = PBXFileReference; lastKnownFileType = sourcecode.swift; path = SceneDelegate.swift; sourceTree = "<group>"; };
		928E41422C8A1235000F636F /* WelcomeViewController.swift */ = {isa = PBXFileReference; lastKnownFileType = sourcecode.swift; path = WelcomeViewController.swift; sourceTree = "<group>"; };
		928E41472C8A1236000F636F /* Assets.xcassets */ = {isa = PBXFileReference; lastKnownFileType = folder.assetcatalog; path = Assets.xcassets; sourceTree = "<group>"; };
		928E414A2C8A1236000F636F /* Base */ = {isa = PBXFileReference; lastKnownFileType = file.storyboard; name = Base; path = Base.lproj/LaunchScreen.storyboard; sourceTree = "<group>"; };
		928E414C2C8A1236000F636F /* Info.plist */ = {isa = PBXFileReference; lastKnownFileType = text.plist.xml; path = Info.plist; sourceTree = "<group>"; };
		928E41552C8A160D000F636F /* Bindable.swift */ = {isa = PBXFileReference; lastKnownFileType = sourcecode.swift; path = Bindable.swift; sourceTree = "<group>"; };
		928E41582C8A165C000F636F /* WelcomeViewModel.swift */ = {isa = PBXFileReference; lastKnownFileType = sourcecode.swift; path = WelcomeViewModel.swift; sourceTree = "<group>"; };
		928E415A2C8A1C01000F636F /* Extensions.swift */ = {isa = PBXFileReference; lastKnownFileType = sourcecode.swift; path = Extensions.swift; sourceTree = "<group>"; };
		928E415C2C8A1C8F000F636F /* WelcomeView.swift */ = {isa = PBXFileReference; lastKnownFileType = sourcecode.swift; path = WelcomeView.swift; sourceTree = "<group>"; };
		928E415E2C8A1FA5000F636F /* FeedViewController.swift */ = {isa = PBXFileReference; lastKnownFileType = sourcecode.swift; path = FeedViewController.swift; sourceTree = "<group>"; };
		928E41622C8A24CD000F636F /* FeedView.swift */ = {isa = PBXFileReference; lastKnownFileType = sourcecode.swift; path = FeedView.swift; sourceTree = "<group>"; };
		928E41642C8A2BB4000F636F /* FeedCell.swift */ = {isa = PBXFileReference; lastKnownFileType = sourcecode.swift; path = FeedCell.swift; sourceTree = "<group>"; };
		928E41672C8A358C000F636F /* Service.swift */ = {isa = PBXFileReference; lastKnownFileType = sourcecode.swift; path = Service.swift; sourceTree = "<group>"; };
		928E41692C8A35A5000F636F /* FeedViewModel.swift */ = {isa = PBXFileReference; lastKnownFileType = sourcecode.swift; path = FeedViewModel.swift; sourceTree = "<group>"; };
		928E416C2C8A45B6000F636F /* FeedResponse.swift */ = {isa = PBXFileReference; lastKnownFileType = sourcecode.swift; path = FeedResponse.swift; sourceTree = "<group>"; };
		928E416E2C8A462E000F636F /* FeedModel.swift */ = {isa = PBXFileReference; lastKnownFileType = sourcecode.swift; path = FeedModel.swift; sourceTree = "<group>"; };
/* End PBXFileReference section */

/* Begin PBXFrameworksBuildPhase section */
		928E41382C8A1235000F636F /* Frameworks */ = {
			isa = PBXFrameworksBuildPhase;
			buildActionMask = 2147483647;
			files = (
				40AA0E3FEFF26F0A9AC459F7 /* Pods_DisneyAPI.framework in Frameworks */,
			);
			runOnlyForDeploymentPostprocessing = 0;
		};
/* End PBXFrameworksBuildPhase section */

/* Begin PBXGroup section */
		2A852237D6B0F9F984670752 /* Pods */ = {
			isa = PBXGroup;
			children = (
				48BD629174D2BC673B20A631 /* Pods-DisneyAPI.debug.xcconfig */,
				75CDC0E0C03A0F02B8446A90 /* Pods-DisneyAPI.release.xcconfig */,
			);
			path = Pods;
			sourceTree = "<group>";
		};
		3AFC531AA550A84CF5282C3A /* Frameworks */ = {
			isa = PBXGroup;
			children = (
				6AC19250EE166CC9B4AB005E /* Pods_DisneyAPI.framework */,
			);
			name = Frameworks;
			sourceTree = "<group>";
		};
		928E41322C8A1235000F636F = {
			isa = PBXGroup;
			children = (
				928E413D2C8A1235000F636F /* DisneyAPI */,
				928E413C2C8A1235000F636F /* Products */,
				2A852237D6B0F9F984670752 /* Pods */,
				3AFC531AA550A84CF5282C3A /* Frameworks */,
			);
			sourceTree = "<group>";
		};
		928E413C2C8A1235000F636F /* Products */ = {
			isa = PBXGroup;
			children = (
				928E413B2C8A1235000F636F /* DisneyAPI.app */,
			);
			name = Products;
			sourceTree = "<group>";
		};
		928E413D2C8A1235000F636F /* DisneyAPI */ = {
			isa = PBXGroup;
			children = (
				928E41532C8A13DB000F636F /* Resources */,
				928E41522C8A13D1000F636F /* App */,
			);
			path = DisneyAPI;
			sourceTree = "<group>";
		};
		928E41522C8A13D1000F636F /* App */ = {
			isa = PBXGroup;
			children = (
				928E416B2C8A458C000F636F /* Model */,
				928E41662C8A3580000F636F /* Network */,
				928E41572C8A1621000F636F /* Scenes */,
				928E41542C8A1602000F636F /* Utils */,
			);
			path = App;
			sourceTree = "<group>";
		};
		928E41532C8A13DB000F636F /* Resources */ = {
			isa = PBXGroup;
			children = (
				928E413E2C8A1235000F636F /* AppDelegate.swift */,
				928E41402C8A1235000F636F /* SceneDelegate.swift */,
				928E41472C8A1236000F636F /* Assets.xcassets */,
				928E41492C8A1236000F636F /* LaunchScreen.storyboard */,
				928E414C2C8A1236000F636F /* Info.plist */,
			);
			path = Resources;
			sourceTree = "<group>";
		};
		928E41542C8A1602000F636F /* Utils */ = {
			isa = PBXGroup;
			children = (
				928E41552C8A160D000F636F /* Bindable.swift */,
				928E415A2C8A1C01000F636F /* Extensions.swift */,
			);
			path = Utils;
			sourceTree = "<group>";
		};
		928E41572C8A1621000F636F /* Scenes */ = {
			isa = PBXGroup;
			children = (
				928E41602C8A24A1000F636F /* Welcome */,
				928E41612C8A24A9000F636F /* Feed */,
			);
			path = Scenes;
			sourceTree = "<group>";
		};
		928E41602C8A24A1000F636F /* Welcome */ = {
			isa = PBXGroup;
			children = (
				928E41422C8A1235000F636F /* WelcomeViewController.swift */,
				928E415C2C8A1C8F000F636F /* WelcomeView.swift */,
				928E41582C8A165C000F636F /* WelcomeViewModel.swift */,
			);
			path = Welcome;
			sourceTree = "<group>";
		};
		928E41612C8A24A9000F636F /* Feed */ = {
			isa = PBXGroup;
			children = (
				928E415E2C8A1FA5000F636F /* FeedViewController.swift */,
				928E41622C8A24CD000F636F /* FeedView.swift */,
				928E41642C8A2BB4000F636F /* FeedCell.swift */,
				928E41692C8A35A5000F636F /* FeedViewModel.swift */,
			);
			path = Feed;
			sourceTree = "<group>";
		};
		928E41662C8A3580000F636F /* Network */ = {
			isa = PBXGroup;
			children = (
				928E41672C8A358C000F636F /* Service.swift */,
			);
			path = Network;
			sourceTree = "<group>";
		};
		928E416B2C8A458C000F636F /* Model */ = {
			isa = PBXGroup;
			children = (
				928E416E2C8A462E000F636F /* FeedModel.swift */,
				928E416C2C8A45B6000F636F /* FeedResponse.swift */,
			);
			path = Model;
			sourceTree = "<group>";
		};
/* End PBXGroup section */

/* Begin PBXNativeTarget section */
		928E413A2C8A1235000F636F /* DisneyAPI */ = {
			isa = PBXNativeTarget;
			buildConfigurationList = 928E414F2C8A1236000F636F /* Build configuration list for PBXNativeTarget "DisneyAPI" */;
			buildPhases = (
				269BD3D0EDD663720B28EF24 /* [CP] Check Pods Manifest.lock */,
				928E41372C8A1235000F636F /* Sources */,
				928E41382C8A1235000F636F /* Frameworks */,
				928E41392C8A1235000F636F /* Resources */,
				75CC3534AB6C17C95CE08DA0 /* [CP] Embed Pods Frameworks */,
			);
			buildRules = (
			);
			dependencies = (
			);
			name = DisneyAPI;
			productName = DisneyAPI;
			productReference = 928E413B2C8A1235000F636F /* DisneyAPI.app */;
			productType = "com.apple.product-type.application";
		};
/* End PBXNativeTarget section */

/* Begin PBXProject section */
		928E41332C8A1235000F636F /* Project object */ = {
			isa = PBXProject;
			attributes = {
				BuildIndependentTargetsInParallel = 1;
				LastSwiftUpdateCheck = 1540;
				LastUpgradeCheck = 1540;
				TargetAttributes = {
					928E413A2C8A1235000F636F = {
						CreatedOnToolsVersion = 15.4;
					};
				};
			};
			buildConfigurationList = 928E41362C8A1235000F636F /* Build configuration list for PBXProject "DisneyAPI" */;
			compatibilityVersion = "Xcode 14.0";
			developmentRegion = en;
			hasScannedForEncodings = 0;
			knownRegions = (
				en,
				Base,
			);
			mainGroup = 928E41322C8A1235000F636F;
			productRefGroup = 928E413C2C8A1235000F636F /* Products */;
			projectDirPath = "";
			projectRoot = "";
			targets = (
				928E413A2C8A1235000F636F /* DisneyAPI */,
			);
		};
/* End PBXProject section */

/* Begin PBXResourcesBuildPhase section */
		928E41392C8A1235000F636F /* Resources */ = {
			isa = PBXResourcesBuildPhase;
			buildActionMask = 2147483647;
			files = (
				928E41482C8A1236000F636F /* Assets.xcassets in Resources */,
				928E414B2C8A1236000F636F /* Base in Resources */,
			);
			runOnlyForDeploymentPostprocessing = 0;
		};
/* End PBXResourcesBuildPhase section */

/* Begin PBXShellScriptBuildPhase section */
		269BD3D0EDD663720B28EF24 /* [CP] Check Pods Manifest.lock */ = {
			isa = PBXShellScriptBuildPhase;
			buildActionMask = 2147483647;
			files = (
			);
			inputFileListPaths = (
			);
			inputPaths = (
				"${PODS_PODFILE_DIR_PATH}/Podfile.lock",
				"${PODS_ROOT}/Manifest.lock",
			);
			name = "[CP] Check Pods Manifest.lock";
			outputFileListPaths = (
			);
			outputPaths = (
				"$(DERIVED_FILE_DIR)/Pods-DisneyAPI-checkManifestLockResult.txt",
			);
			runOnlyForDeploymentPostprocessing = 0;
			shellPath = /bin/sh;
			shellScript = "diff \"${PODS_PODFILE_DIR_PATH}/Podfile.lock\" \"${PODS_ROOT}/Manifest.lock\" > /dev/null\nif [ $? != 0 ] ; then\n    # print error to STDERR\n    echo \"error: The sandbox is not in sync with the Podfile.lock. Run 'pod install' or update your CocoaPods installation.\" >&2\n    exit 1\nfi\n# This output is used by Xcode 'outputs' to avoid re-running this script phase.\necho \"SUCCESS\" > \"${SCRIPT_OUTPUT_FILE_0}\"\n";
			showEnvVarsInLog = 0;
		};
		75CC3534AB6C17C95CE08DA0 /* [CP] Embed Pods Frameworks */ = {
			isa = PBXShellScriptBuildPhase;
			buildActionMask = 2147483647;
			files = (
			);
			inputFileListPaths = (
				"${PODS_ROOT}/Target Support Files/Pods-DisneyAPI/Pods-DisneyAPI-frameworks-${CONFIGURATION}-input-files.xcfilelist",
			);
			name = "[CP] Embed Pods Frameworks";
			outputFileListPaths = (
				"${PODS_ROOT}/Target Support Files/Pods-DisneyAPI/Pods-DisneyAPI-frameworks-${CONFIGURATION}-output-files.xcfilelist",
			);
			runOnlyForDeploymentPostprocessing = 0;
			shellPath = /bin/sh;
			shellScript = "\"${PODS_ROOT}/Target Support Files/Pods-DisneyAPI/Pods-DisneyAPI-frameworks.sh\"\n";
			showEnvVarsInLog = 0;
		};
/* End PBXShellScriptBuildPhase section */

/* Begin PBXSourcesBuildPhase section */
		928E41372C8A1235000F636F /* Sources */ = {
			isa = PBXSourcesBuildPhase;
			buildActionMask = 2147483647;
			files = (
				928E41592C8A165C000F636F /* WelcomeViewModel.swift in Sources */,
				928E41652C8A2BB4000F636F /* FeedCell.swift in Sources */,
				928E416A2C8A35A5000F636F /* FeedViewModel.swift in Sources */,
				928E41632C8A24CD000F636F /* FeedView.swift in Sources */,
				928E415B2C8A1C01000F636F /* Extensions.swift in Sources */,
				928E41432C8A1235000F636F /* WelcomeViewController.swift in Sources */,
				928E413F2C8A1235000F636F /* AppDelegate.swift in Sources */,
				928E41562C8A160D000F636F /* Bindable.swift in Sources */,
				928E41412C8A1235000F636F /* SceneDelegate.swift in Sources */,
				928E41682C8A358C000F636F /* Service.swift in Sources */,
				928E415F2C8A1FA5000F636F /* FeedViewController.swift in Sources */,
				928E416F2C8A462E000F636F /* FeedModel.swift in Sources */,
				928E415D2C8A1C8F000F636F /* WelcomeView.swift in Sources */,
				928E416D2C8A45B6000F636F /* FeedResponse.swift in Sources */,
			);
			runOnlyForDeploymentPostprocessing = 0;
		};
/* End PBXSourcesBuildPhase section */

/* Begin PBXVariantGroup section */
		928E41492C8A1236000F636F /* LaunchScreen.storyboard */ = {
			isa = PBXVariantGroup;
			children = (
				928E414A2C8A1236000F636F /* Base */,
			);
			name = LaunchScreen.storyboard;
			sourceTree = "<group>";
		};
/* End PBXVariantGroup section */

/* Begin XCBuildConfiguration section */
		928E414D2C8A1236000F636F /* Debug */ = {
			isa = XCBuildConfiguration;
			buildSettings = {
				ALWAYS_SEARCH_USER_PATHS = NO;
				ASSETCATALOG_COMPILER_GENERATE_SWIFT_ASSET_SYMBOL_EXTENSIONS = YES;
				CLANG_ANALYZER_NONNULL = YES;
				CLANG_ANALYZER_NUMBER_OBJECT_CONVERSION = YES_AGGRESSIVE;
				CLANG_CXX_LANGUAGE_STANDARD = "gnu++20";
				CLANG_ENABLE_MODULES = YES;
				CLANG_ENABLE_OBJC_ARC = YES;
				CLANG_ENABLE_OBJC_WEAK = YES;
				CLANG_WARN_BLOCK_CAPTURE_AUTORELEASING = YES;
				CLANG_WARN_BOOL_CONVERSION = YES;
				CLANG_WARN_COMMA = YES;
				CLANG_WARN_CONSTANT_CONVERSION = YES;
				CLANG_WARN_DEPRECATED_OBJC_IMPLEMENTATIONS = YES;
				CLANG_WARN_DIRECT_OBJC_ISA_USAGE = YES_ERROR;
				CLANG_WARN_DOCUMENTATION_COMMENTS = YES;
				CLANG_WARN_EMPTY_BODY = YES;
				CLANG_WARN_ENUM_CONVERSION = YES;
				CLANG_WARN_INFINITE_RECURSION = YES;
				CLANG_WARN_INT_CONVERSION = YES;
				CLANG_WARN_NON_LITERAL_NULL_CONVERSION = YES;
				CLANG_WARN_OBJC_IMPLICIT_RETAIN_SELF = YES;
				CLANG_WARN_OBJC_LITERAL_CONVERSION = YES;
				CLANG_WARN_OBJC_ROOT_CLASS = YES_ERROR;
				CLANG_WARN_QUOTED_INCLUDE_IN_FRAMEWORK_HEADER = YES;
				CLANG_WARN_RANGE_LOOP_ANALYSIS = YES;
				CLANG_WARN_STRICT_PROTOTYPES = YES;
				CLANG_WARN_SUSPICIOUS_MOVE = YES;
				CLANG_WARN_UNGUARDED_AVAILABILITY = YES_AGGRESSIVE;
				CLANG_WARN_UNREACHABLE_CODE = YES;
				CLANG_WARN__DUPLICATE_METHOD_MATCH = YES;
				COPY_PHASE_STRIP = NO;
				DEBUG_INFORMATION_FORMAT = dwarf;
				ENABLE_STRICT_OBJC_MSGSEND = YES;
				ENABLE_TESTABILITY = YES;
				ENABLE_USER_SCRIPT_SANDBOXING = NO;
				GCC_C_LANGUAGE_STANDARD = gnu17;
				GCC_DYNAMIC_NO_PIC = NO;
				GCC_NO_COMMON_BLOCKS = YES;
				GCC_OPTIMIZATION_LEVEL = 0;
				GCC_PREPROCESSOR_DEFINITIONS = (
					"DEBUG=1",
					"$(inherited)",
				);
				GCC_WARN_64_TO_32_BIT_CONVERSION = YES;
				GCC_WARN_ABOUT_RETURN_TYPE = YES_ERROR;
				GCC_WARN_UNDECLARED_SELECTOR = YES;
				GCC_WARN_UNINITIALIZED_AUTOS = YES_AGGRESSIVE;
				GCC_WARN_UNUSED_FUNCTION = YES;
				GCC_WARN_UNUSED_VARIABLE = YES;
				IPHONEOS_DEPLOYMENT_TARGET = 17.5;
				LOCALIZATION_PREFERS_STRING_CATALOGS = YES;
				MTL_ENABLE_DEBUG_INFO = INCLUDE_SOURCE;
				MTL_FAST_MATH = YES;
				ONLY_ACTIVE_ARCH = YES;
				SDKROOT = iphoneos;
				SWIFT_ACTIVE_COMPILATION_CONDITIONS = "DEBUG $(inherited)";
				SWIFT_OPTIMIZATION_LEVEL = "-Onone";
			};
			name = Debug;
		};
		928E414E2C8A1236000F636F /* Release */ = {
			isa = XCBuildConfiguration;
			buildSettings = {
				ALWAYS_SEARCH_USER_PATHS = NO;
				ASSETCATALOG_COMPILER_GENERATE_SWIFT_ASSET_SYMBOL_EXTENSIONS = YES;
				CLANG_ANALYZER_NONNULL = YES;
				CLANG_ANALYZER_NUMBER_OBJECT_CONVERSION = YES_AGGRESSIVE;
				CLANG_CXX_LANGUAGE_STANDARD = "gnu++20";
				CLANG_ENABLE_MODULES = YES;
				CLANG_ENABLE_OBJC_ARC = YES;
				CLANG_ENABLE_OBJC_WEAK = YES;
				CLANG_WARN_BLOCK_CAPTURE_AUTORELEASING = YES;
				CLANG_WARN_BOOL_CONVERSION = YES;
				CLANG_WARN_COMMA = YES;
				CLANG_WARN_CONSTANT_CONVERSION = YES;
				CLANG_WARN_DEPRECATED_OBJC_IMPLEMENTATIONS = YES;
				CLANG_WARN_DIRECT_OBJC_ISA_USAGE = YES_ERROR;
				CLANG_WARN_DOCUMENTATION_COMMENTS = YES;
				CLANG_WARN_EMPTY_BODY = YES;
				CLANG_WARN_ENUM_CONVERSION = YES;
				CLANG_WARN_INFINITE_RECURSION = YES;
				CLANG_WARN_INT_CONVERSION = YES;
				CLANG_WARN_NON_LITERAL_NULL_CONVERSION = YES;
				CLANG_WARN_OBJC_IMPLICIT_RETAIN_SELF = YES;
				CLANG_WARN_OBJC_LITERAL_CONVERSION = YES;
				CLANG_WARN_OBJC_ROOT_CLASS = YES_ERROR;
				CLANG_WARN_QUOTED_INCLUDE_IN_FRAMEWORK_HEADER = YES;
				CLANG_WARN_RANGE_LOOP_ANALYSIS = YES;
				CLANG_WARN_STRICT_PROTOTYPES = YES;
				CLANG_WARN_SUSPICIOUS_MOVE = YES;
				CLANG_WARN_UNGUARDED_AVAILABILITY = YES_AGGRESSIVE;
				CLANG_WARN_UNREACHABLE_CODE = YES;
				CLANG_WARN__DUPLICATE_METHOD_MATCH = YES;
				COPY_PHASE_STRIP = NO;
				DEBUG_INFORMATION_FORMAT = "dwarf-with-dsym";
				ENABLE_NS_ASSERTIONS = NO;
				ENABLE_STRICT_OBJC_MSGSEND = YES;
				ENABLE_USER_SCRIPT_SANDBOXING = NO;
				GCC_C_LANGUAGE_STANDARD = gnu17;
				GCC_NO_COMMON_BLOCKS = YES;
				GCC_WARN_64_TO_32_BIT_CONVERSION = YES;
				GCC_WARN_ABOUT_RETURN_TYPE = YES_ERROR;
				GCC_WARN_UNDECLARED_SELECTOR = YES;
				GCC_WARN_UNINITIALIZED_AUTOS = YES_AGGRESSIVE;
				GCC_WARN_UNUSED_FUNCTION = YES;
				GCC_WARN_UNUSED_VARIABLE = YES;
				IPHONEOS_DEPLOYMENT_TARGET = 17.5;
				LOCALIZATION_PREFERS_STRING_CATALOGS = YES;
				MTL_ENABLE_DEBUG_INFO = NO;
				MTL_FAST_MATH = YES;
				SDKROOT = iphoneos;
				SWIFT_COMPILATION_MODE = wholemodule;
				VALIDATE_PRODUCT = YES;
			};
			name = Release;
		};
		928E41502C8A1236000F636F /* Debug */ = {
			isa = XCBuildConfiguration;
			baseConfigurationReference = 48BD629174D2BC673B20A631 /* Pods-DisneyAPI.debug.xcconfig */;
			buildSettings = {
				ASSETCATALOG_COMPILER_APPICON_NAME = AppIcon;
				ASSETCATALOG_COMPILER_GLOBAL_ACCENT_COLOR_NAME = AccentColor;
				CODE_SIGN_STYLE = Automatic;
				CURRENT_PROJECT_VERSION = 1;
				DEVELOPMENT_TEAM = 57HYQW6DAG;
				GENERATE_INFOPLIST_FILE = YES;
				INFOPLIST_FILE = DisneyAPI/Resources/Info.plist;
				INFOPLIST_KEY_UIApplicationSupportsIndirectInputEvents = YES;
				INFOPLIST_KEY_UILaunchStoryboardName = LaunchScreen;
				INFOPLIST_KEY_UISupportedInterfaceOrientations = UIInterfaceOrientationPortrait;
				LD_RUNPATH_SEARCH_PATHS = (
					"$(inherited)",
					"@executable_path/Frameworks",
				);
				MARKETING_VERSION = 1.0;
				PRODUCT_BUNDLE_IDENTIFIER = com.diggosilva.DisneyAPI;
				PRODUCT_NAME = "$(TARGET_NAME)";
				SWIFT_EMIT_LOC_STRINGS = YES;
				SWIFT_VERSION = 5.0;
				TARGETED_DEVICE_FAMILY = "1,2";
			};
			name = Debug;
		};
		928E41512C8A1236000F636F /* Release */ = {
			isa = XCBuildConfiguration;
			baseConfigurationReference = 75CDC0E0C03A0F02B8446A90 /* Pods-DisneyAPI.release.xcconfig */;
			buildSettings = {
				ASSETCATALOG_COMPILER_APPICON_NAME = AppIcon;
				ASSETCATALOG_COMPILER_GLOBAL_ACCENT_COLOR_NAME = AccentColor;
				CODE_SIGN_STYLE = Automatic;
				CURRENT_PROJECT_VERSION = 1;
				DEVELOPMENT_TEAM = 57HYQW6DAG;
				GENERATE_INFOPLIST_FILE = YES;
				INFOPLIST_FILE = DisneyAPI/Resources/Info.plist;
				INFOPLIST_KEY_UIApplicationSupportsIndirectInputEvents = YES;
				INFOPLIST_KEY_UILaunchStoryboardName = LaunchScreen;
				INFOPLIST_KEY_UISupportedInterfaceOrientations = UIInterfaceOrientationPortrait;
				LD_RUNPATH_SEARCH_PATHS = (
					"$(inherited)",
					"@executable_path/Frameworks",
				);
				MARKETING_VERSION = 1.0;
				PRODUCT_BUNDLE_IDENTIFIER = com.diggosilva.DisneyAPI;
				PRODUCT_NAME = "$(TARGET_NAME)";
				SWIFT_EMIT_LOC_STRINGS = YES;
				SWIFT_VERSION = 5.0;
				TARGETED_DEVICE_FAMILY = "1,2";
			};
			name = Release;
		};
/* End XCBuildConfiguration section */

/* Begin XCConfigurationList section */
		928E41362C8A1235000F636F /* Build configuration list for PBXProject "DisneyAPI" */ = {
			isa = XCConfigurationList;
			buildConfigurations = (
				928E414D2C8A1236000F636F /* Debug */,
				928E414E2C8A1236000F636F /* Release */,
			);
			defaultConfigurationIsVisible = 0;
			defaultConfigurationName = Release;
		};
		928E414F2C8A1236000F636F /* Build configuration list for PBXNativeTarget "DisneyAPI" */ = {
			isa = XCConfigurationList;
			buildConfigurations = (
				928E41502C8A1236000F636F /* Debug */,
				928E41512C8A1236000F636F /* Release */,
			);
			defaultConfigurationIsVisible = 0;
			defaultConfigurationName = Release;
		};
/* End XCConfigurationList section */
	};
	rootObject = 928E41332C8A1235000F636F /* Project object */;
}
